// !$*UTF8*$!
{
	archiveVersion = 1;
	classes = {
	};
	objectVersion = 56;
	objects = {

/* Begin PBXBuildFile section */
		F0F9A0032B1C731D001E7CD3 /* GuessingFlagApp.swift in Sources */ = {isa = PBXBuildFile; fileRef = F0F9A0022B1C731D001E7CD3 /* GuessingFlagApp.swift */; };
		F0F9A0052B1C731D001E7CD3 /* ContentView.swift in Sources */ = {isa = PBXBuildFile; fileRef = F0F9A0042B1C731D001E7CD3 /* ContentView.swift */; };
		F0F9A0072B1C731E001E7CD3 /* Assets.xcassets in Resources */ = {isa = PBXBuildFile; fileRef = F0F9A0062B1C731E001E7CD3 /* Assets.xcassets */; };
		F0F9A00A2B1C731E001E7CD3 /* Preview Assets.xcassets in Resources */ = {isa = PBXBuildFile; fileRef = F0F9A0092B1C731E001E7CD3 /* Preview Assets.xcassets */; };
		F0F9A0142B1C731F001E7CD3 /* GuessingFlagTests.swift in Sources */ = {isa = PBXBuildFile; fileRef = F0F9A0132B1C731F001E7CD3 /* GuessingFlagTests.swift */; };
		F0F9A01E2B1C731F001E7CD3 /* GuessingFlagUITests.swift in Sources */ = {isa = PBXBuildFile; fileRef = F0F9A01D2B1C731F001E7CD3 /* GuessingFlagUITests.swift */; };
		F0F9A0202B1C731F001E7CD3 /* GuessingFlagUITestsLaunchTests.swift in Sources */ = {isa = PBXBuildFile; fileRef = F0F9A01F2B1C731F001E7CD3 /* GuessingFlagUITestsLaunchTests.swift */; };
/* End PBXBuildFile section */

/* Begin PBXContainerItemProxy section */
		F0F9A0102B1C731F001E7CD3 /* PBXContainerItemProxy */ = {
			isa = PBXContainerItemProxy;
			containerPortal = F0F99FF72B1C731D001E7CD3 /* Project object */;
			proxyType = 1;
			remoteGlobalIDString = F0F99FFE2B1C731D001E7CD3;
			remoteInfo = GuessingFlag;
		};
		F0F9A01A2B1C731F001E7CD3 /* PBXContainerItemProxy */ = {
			isa = PBXContainerItemProxy;
			containerPortal = F0F99FF72B1C731D001E7CD3 /* Project object */;
			proxyType = 1;
			remoteGlobalIDString = F0F99FFE2B1C731D001E7CD3;
			remoteInfo = GuessingFlag;
		};
/* End PBXContainerItemProxy section */

/* Begin PBXFileReference section */
		F0F99FFF2B1C731D001E7CD3 /* GuessingFlag.app */ = {isa = PBXFileReference; explicitFileType = wrapper.application; includeInIndex = 0; path = GuessingFlag.app; sourceTree = BUILT_PRODUCTS_DIR; };
		F0F9A0022B1C731D001E7CD3 /* GuessingFlagApp.swift */ = {isa = PBXFileReference; lastKnownFileType = sourcecode.swift; path = GuessingFlagApp.swift; sourceTree = "<group>"; };
		F0F9A0042B1C731D001E7CD3 /* ContentView.swift */ = {isa = PBXFileReference; lastKnownFileType = sourcecode.swift; path = ContentView.swift; sourceTree = "<group>"; };
		F0F9A0062B1C731E001E7CD3 /* Assets.xcassets */ = {isa = PBXFileReference; lastKnownFileType = folder.assetcatalog; path = Assets.xcassets; sourceTree = "<group>"; };
		F0F9A0092B1C731E001E7CD3 /* Preview Assets.xcassets */ = {isa = PBXFileReference; lastKnownFileType = folder.assetcatalog; path = "Preview Assets.xcassets"; sourceTree = "<group>"; };
		F0F9A00F2B1C731F001E7CD3 /* GuessingFlagTests.xctest */ = {isa = PBXFileReference; explicitFileType = wrapper.cfbundle; includeInIndex = 0; path = GuessingFlagTests.xctest; sourceTree = BUILT_PRODUCTS_DIR; };
		F0F9A0132B1C731F001E7CD3 /* GuessingFlagTests.swift */ = {isa = PBXFileReference; lastKnownFileType = sourcecode.swift; path = GuessingFlagTests.swift; sourceTree = "<group>"; };
		F0F9A0192B1C731F001E7CD3 /* GuessingFlagUITests.xctest */ = {isa = PBXFileReference; explicitFileType = wrapper.cfbundle; includeInIndex = 0; path = GuessingFlagUITests.xctest; sourceTree = BUILT_PRODUCTS_DIR; };
		F0F9A01D2B1C731F001E7CD3 /* GuessingFlagUITests.swift */ = {isa = PBXFileReference; lastKnownFileType = sourcecode.swift; path = GuessingFlagUITests.swift; sourceTree = "<group>"; };
		F0F9A01F2B1C731F001E7CD3 /* GuessingFlagUITestsLaunchTests.swift */ = {isa = PBXFileReference; lastKnownFileType = sourcecode.swift; path = GuessingFlagUITestsLaunchTests.swift; sourceTree = "<group>"; };
/* End PBXFileReference section */

/* Begin PBXFrameworksBuildPhase section */
		F0F99FFC2B1C731D001E7CD3 /* Frameworks */ = {
			isa = PBXFrameworksBuildPhase;
			buildActionMask = 2147483647;
			files = (
			);
			runOnlyForDeploymentPostprocessing = 0;
		};
		F0F9A00C2B1C731F001E7CD3 /* Frameworks */ = {
			isa = PBXFrameworksBuildPhase;
			buildActionMask = 2147483647;
			files = (
			);
			runOnlyForDeploymentPostprocessing = 0;
		};
		F0F9A0162B1C731F001E7CD3 /* Frameworks */ = {
			isa = PBXFrameworksBuildPhase;
			buildActionMask = 2147483647;
			files = (
			);
			runOnlyForDeploymentPostprocessing = 0;
		};
/* End PBXFrameworksBuildPhase section */

/* Begin PBXGroup section */
		F0F99FF62B1C731D001E7CD3 = {
			isa = PBXGroup;
			children = (
				F0F9A0012B1C731D001E7CD3 /* GuessingFlag */,
				F0F9A0122B1C731F001E7CD3 /* GuessingFlagTests */,
				F0F9A01C2B1C731F001E7CD3 /* GuessingFlagUITests */,
				F0F9A0002B1C731D001E7CD3 /* Products */,
			);
			sourceTree = "<group>";
		};
		F0F9A0002B1C731D001E7CD3 /* Products */ = {
			isa = PBXGroup;
			children = (
				F0F99FFF2B1C731D001E7CD3 /* GuessingFlag.app */,
				F0F9A00F2B1C731F001E7CD3 /* GuessingFlagTests.xctest */,
				F0F9A0192B1C731F001E7CD3 /* GuessingFlagUITests.xctest */,
			);
			name = Products;
			sourceTree = "<group>";
		};
		F0F9A0012B1C731D001E7CD3 /* GuessingFlag */ = {
			isa = PBXGroup;
			children = (
				F0F9A0022B1C731D001E7CD3 /* GuessingFlagApp.swift */,
				F0F9A0042B1C731D001E7CD3 /* ContentView.swift */,
				F0F9A0062B1C731E001E7CD3 /* Assets.xcassets */,
				F0F9A0082B1C731E001E7CD3 /* Preview Content */,
			);
			path = GuessingFlag;
			sourceTree = "<group>";
		};
		F0F9A0082B1C731E001E7CD3 /* Preview Content */ = {
			isa = PBXGroup;
			children = (
				F0F9A0092B1C731E001E7CD3 /* Preview Assets.xcassets */,
			);
			path = "Preview Content";
			sourceTree = "<group>";
		};
		F0F9A0122B1C731F001E7CD3 /* GuessingFlagTests */ = {
			isa = PBXGroup;
			children = (
				F0F9A0132B1C731F001E7CD3 /* GuessingFlagTests.swift */,
			);
			path = GuessingFlagTests;
			sourceTree = "<group>";
		};
		F0F9A01C2B1C731F001E7CD3 /* GuessingFlagUITests */ = {
			isa = PBXGroup;
			children = (
				F0F9A01D2B1C731F001E7CD3 /* GuessingFlagUITests.swift */,
				F0F9A01F2B1C731F001E7CD3 /* GuessingFlagUITestsLaunchTests.swift */,
			);
			path = GuessingFlagUITests;
			sourceTree = "<group>";
		};
/* End PBXGroup section */

/* Begin PBXNativeTarget section */
		F0F99FFE2B1C731D001E7CD3 /* GuessingFlag */ = {
			isa = PBXNativeTarget;
			buildConfigurationList = F0F9A0232B1C731F001E7CD3 /* Build configuration list for PBXNativeTarget "GuessingFlag" */;
			buildPhases = (
				F0F99FFB2B1C731D001E7CD3 /* Sources */,
				F0F99FFC2B1C731D001E7CD3 /* Frameworks */,
				F0F99FFD2B1C731D001E7CD3 /* Resources */,
			);
			buildRules = (
			);
			dependencies = (
			);
			name = GuessingFlag;
			productName = GuessingFlag;
			productReference = F0F99FFF2B1C731D001E7CD3 /* GuessingFlag.app */;
			productType = "com.apple.product-type.application";
		};
		F0F9A00E2B1C731F001E7CD3 /* GuessingFlagTests */ = {
			isa = PBXNativeTarget;
			buildConfigurationList = F0F9A0262B1C731F001E7CD3 /* Build configuration list for PBXNativeTarget "GuessingFlagTests" */;
			buildPhases = (
				F0F9A00B2B1C731F001E7CD3 /* Sources */,
				F0F9A00C2B1C731F001E7CD3 /* Frameworks */,
				F0F9A00D2B1C731F001E7CD3 /* Resources */,
			);
			buildRules = (
			);
			dependencies = (
				F0F9A0112B1C731F001E7CD3 /* PBXTargetDependency */,
			);
			name = GuessingFlagTests;
			productName = GuessingFlagTests;
			productReference = F0F9A00F2B1C731F001E7CD3 /* GuessingFlagTests.xctest */;
			productType = "com.apple.product-type.bundle.unit-test";
		};
		F0F9A0182B1C731F001E7CD3 /* GuessingFlagUITests */ = {
			isa = PBXNativeTarget;
			buildConfigurationList = F0F9A0292B1C731F001E7CD3 /* Build configuration list for PBXNativeTarget "GuessingFlagUITests" */;
			buildPhases = (
				F0F9A0152B1C731F001E7CD3 /* Sources */,
				F0F9A0162B1C731F001E7CD3 /* Frameworks */,
				F0F9A0172B1C731F001E7CD3 /* Resources */,
			);
			buildRules = (
			);
			dependencies = (
				F0F9A01B2B1C731F001E7CD3 /* PBXTargetDependency */,
			);
			name = GuessingFlagUITests;
			productName = GuessingFlagUITests;
			productReference = F0F9A0192B1C731F001E7CD3 /* GuessingFlagUITests.xctest */;
			productType = "com.apple.product-type.bundle.ui-testing";
		};
/* End PBXNativeTarget section */

/* Begin PBXProject section */
		F0F99FF72B1C731D001E7CD3 /* Project object */ = {
			isa = PBXProject;
			attributes = {
				BuildIndependentTargetsInParallel = 1;
				LastSwiftUpdateCheck = 1430;
				LastUpgradeCheck = 1430;
				TargetAttributes = {
					F0F99FFE2B1C731D001E7CD3 = {
						CreatedOnToolsVersion = 14.3.1;
					};
					F0F9A00E2B1C731F001E7CD3 = {
						CreatedOnToolsVersion = 14.3.1;
						TestTargetID = F0F99FFE2B1C731D001E7CD3;
					};
					F0F9A0182B1C731F001E7CD3 = {
						CreatedOnToolsVersion = 14.3.1;
						TestTargetID = F0F99FFE2B1C731D001E7CD3;
					};
				};
			};
			buildConfigurationList = F0F99FFA2B1C731D001E7CD3 /* Build configuration list for PBXProject "GuessingFlag" */;
			compatibilityVersion = "Xcode 14.0";
			developmentRegion = en;
			hasScannedForEncodings = 0;
			knownRegions = (
				en,
				Base,
			);
			mainGroup = F0F99FF62B1C731D001E7CD3;
			productRefGroup = F0F9A0002B1C731D001E7CD3 /* Products */;
			projectDirPath = "";
			projectRoot = "";
			targets = (
				F0F99FFE2B1C731D001E7CD3 /* GuessingFlag */,
				F0F9A00E2B1C731F001E7CD3 /* GuessingFlagTests */,
				F0F9A0182B1C731F001E7CD3 /* GuessingFlagUITests */,
			);
		};
/* End PBXProject section */

/* Begin PBXResourcesBuildPhase section */
		F0F99FFD2B1C731D001E7CD3 /* Resources */ = {
			isa = PBXResourcesBuildPhase;
			buildActionMask = 2147483647;
			files = (
				F0F9A00A2B1C731E001E7CD3 /* Preview Assets.xcassets in Resources */,
				F0F9A0072B1C731E001E7CD3 /* Assets.xcassets in Resources */,
			);
			runOnlyForDeploymentPostprocessing = 0;
		};
		F0F9A00D2B1C731F001E7CD3 /* Resources */ = {
			isa = PBXResourcesBuildPhase;
			buildActionMask = 2147483647;
			files = (
			);
			runOnlyForDeploymentPostprocessing = 0;
		};
		F0F9A0172B1C731F001E7CD3 /* Resources */ = {
			isa = PBXResourcesBuildPhase;
			buildActionMask = 2147483647;
			files = (
			);
			runOnlyForDeploymentPostprocessing = 0;
		};
/* End PBXResourcesBuildPhase section */

/* Begin PBXSourcesBuildPhase section */
		F0F99FFB2B1C731D001E7CD3 /* Sources */ = {
			isa = PBXSourcesBuildPhase;
			buildActionMask = 2147483647;
			files = (
				F0F9A0052B1C731D001E7CD3 /* ContentView.swift in Sources */,
				F0F9A0032B1C731D001E7CD3 /* GuessingFlagApp.swift in Sources */,
			);
			runOnlyForDeploymentPostprocessing = 0;
		};
		F0F9A00B2B1C731F001E7CD3 /* Sources */ = {
			isa = PBXSourcesBuildPhase;
			buildActionMask = 2147483647;
			files = (
				F0F9A0142B1C731F001E7CD3 /* GuessingFlagTests.swift in Sources */,
			);
			runOnlyForDeploymentPostprocessing = 0;
		};
		F0F9A0152B1C731F001E7CD3 /* Sources */ = {
			isa = PBXSourcesBuildPhase;
			buildActionMask = 2147483647;
			files = (
				F0F9A01E2B1C731F001E7CD3 /* GuessingFlagUITests.swift in Sources */,
				F0F9A0202B1C731F001E7CD3 /* GuessingFlagUITestsLaunchTests.swift in Sources */,
			);
			runOnlyForDeploymentPostprocessing = 0;
		};
/* End PBXSourcesBuildPhase section */

/* Begin PBXTargetDependency section */
		F0F9A0112B1C731F001E7CD3 /* PBXTargetDependency */ = {
			isa = PBXTargetDependency;
			target = F0F99FFE2B1C731D001E7CD3 /* GuessingFlag */;
			targetProxy = F0F9A0102B1C731F001E7CD3 /* PBXContainerItemProxy */;
		};
		F0F9A01B2B1C731F001E7CD3 /* PBXTargetDependency */ = {
			isa = PBXTargetDependency;
			target = F0F99FFE2B1C731D001E7CD3 /* GuessingFlag */;
			targetProxy = F0F9A01A2B1C731F001E7CD3 /* PBXContainerItemProxy */;
		};
/* End PBXTargetDependency section */

/* Begin XCBuildConfiguration section */
		F0F9A0212B1C731F001E7CD3 /* Debug */ = {
			isa = XCBuildConfiguration;
			buildSettings = {
				ALWAYS_SEARCH_USER_PATHS = NO;
				CLANG_ANALYZER_NONNULL = YES;
				CLANG_ANALYZER_NUMBER_OBJECT_CONVERSION = YES_AGGRESSIVE;
				CLANG_CXX_LANGUAGE_STANDARD = "gnu++20";
				CLANG_ENABLE_MODULES = YES;
				CLANG_ENABLE_OBJC_ARC = YES;
				CLANG_ENABLE_OBJC_WEAK = YES;
				CLANG_WARN_BLOCK_CAPTURE_AUTORELEASING = YES;
				CLANG_WARN_BOOL_CONVERSION = YES;
				CLANG_WARN_COMMA = YES;
				CLANG_WARN_CONSTANT_CONVERSION = YES;
				CLANG_WARN_DEPRECATED_OBJC_IMPLEMENTATIONS = YES;
				CLANG_WARN_DIRECT_OBJC_ISA_USAGE = YES_ERROR;
				CLANG_WARN_DOCUMENTATION_COMMENTS = YES;
				CLANG_WARN_EMPTY_BODY = YES;
				CLANG_WARN_ENUM_CONVERSION = YES;
				CLANG_WARN_INFINITE_RECURSION = YES;
				CLANG_WARN_INT_CONVERSION = YES;
				CLANG_WARN_NON_LITERAL_NULL_CONVERSION = YES;
				CLANG_WARN_OBJC_IMPLICIT_RETAIN_SELF = YES;
				CLANG_WARN_OBJC_LITERAL_CONVERSION = YES;
				CLANG_WARN_OBJC_ROOT_CLASS = YES_ERROR;
				CLANG_WARN_QUOTED_INCLUDE_IN_FRAMEWORK_HEADER = YES;
				CLANG_WARN_RANGE_LOOP_ANALYSIS = YES;
				CLANG_WARN_STRICT_PROTOTYPES = YES;
				CLANG_WARN_SUSPICIOUS_MOVE = YES;
				CLANG_WARN_UNGUARDED_AVAILABILITY = YES_AGGRESSIVE;
				CLANG_WARN_UNREACHABLE_CODE = YES;
				CLANG_WARN__DUPLICATE_METHOD_MATCH = YES;
				COPY_PHASE_STRIP = NO;
				DEBUG_INFORMATION_FORMAT = dwarf;
				ENABLE_STRICT_OBJC_MSGSEND = YES;
				ENABLE_TESTABILITY = YES;
				GCC_C_LANGUAGE_STANDARD = gnu11;
				GCC_DYNAMIC_NO_PIC = NO;
				GCC_NO_COMMON_BLOCKS = YES;
				GCC_OPTIMIZATION_LEVEL = 0;
				GCC_PREPROCESSOR_DEFINITIONS = (
					"DEBUG=1",
					"$(inherited)",
				);
				GCC_WARN_64_TO_32_BIT_CONVERSION = YES;
				GCC_WARN_ABOUT_RETURN_TYPE = YES_ERROR;
				GCC_WARN_UNDECLARED_SELECTOR = YES;
				GCC_WARN_UNINITIALIZED_AUTOS = YES_AGGRESSIVE;
				GCC_WARN_UNUSED_FUNCTION = YES;
				GCC_WARN_UNUSED_VARIABLE = YES;
				IPHONEOS_DEPLOYMENT_TARGET = 16.4;
				MTL_ENABLE_DEBUG_INFO = INCLUDE_SOURCE;
				MTL_FAST_MATH = YES;
				ONLY_ACTIVE_ARCH = YES;
				SDKROOT = iphoneos;
				SWIFT_ACTIVE_COMPILATION_CONDITIONS = DEBUG;
				SWIFT_OPTIMIZATION_LEVEL = "-Onone";
			};
			name = Debug;
		};
		F0F9A0222B1C731F001E7CD3 /* Release */ = {
			isa = XCBuildConfiguration;
			buildSettings = {
				ALWAYS_SEARCH_USER_PATHS = NO;
				CLANG_ANALYZER_NONNULL = YES;
				CLANG_ANALYZER_NUMBER_OBJECT_CONVERSION = YES_AGGRESSIVE;
				CLANG_CXX_LANGUAGE_STANDARD = "gnu++20";
				CLANG_ENABLE_MODULES = YES;
				CLANG_ENABLE_OBJC_ARC = YES;
				CLANG_ENABLE_OBJC_WEAK = YES;
				CLANG_WARN_BLOCK_CAPTURE_AUTORELEASING = YES;
				CLANG_WARN_BOOL_CONVERSION = YES;
				CLANG_WARN_COMMA = YES;
				CLANG_WARN_CONSTANT_CONVERSION = YES;
				CLANG_WARN_DEPRECATED_OBJC_IMPLEMENTATIONS = YES;
				CLANG_WARN_DIRECT_OBJC_ISA_USAGE = YES_ERROR;
				CLANG_WARN_DOCUMENTATION_COMMENTS = YES;
				CLANG_WARN_EMPTY_BODY = YES;
				CLANG_WARN_ENUM_CONVERSION = YES;
				CLANG_WARN_INFINITE_RECURSION = YES;
				CLANG_WARN_INT_CONVERSION = YES;
				CLANG_WARN_NON_LITERAL_NULL_CONVERSION = YES;
				CLANG_WARN_OBJC_IMPLICIT_RETAIN_SELF = YES;
				CLANG_WARN_OBJC_LITERAL_CONVERSION = YES;
				CLANG_WARN_OBJC_ROOT_CLASS = YES_ERROR;
				CLANG_WARN_QUOTED_INCLUDE_IN_FRAMEWORK_HEADER = YES;
				CLANG_WARN_RANGE_LOOP_ANALYSIS = YES;
				CLANG_WARN_STRICT_PROTOTYPES = YES;
				CLANG_WARN_SUSPICIOUS_MOVE = YES;
				CLANG_WARN_UNGUARDED_AVAILABILITY = YES_AGGRESSIVE;
				CLANG_WARN_UNREACHABLE_CODE = YES;
				CLANG_WARN__DUPLICATE_METHOD_MATCH = YES;
				COPY_PHASE_STRIP = NO;
				DEBUG_INFORMATION_FORMAT = "dwarf-with-dsym";
				ENABLE_NS_ASSERTIONS = NO;
				ENABLE_STRICT_OBJC_MSGSEND = YES;
				GCC_C_LANGUAGE_STANDARD = gnu11;
				GCC_NO_COMMON_BLOCKS = YES;
				GCC_WARN_64_TO_32_BIT_CONVERSION = YES;
				GCC_WARN_ABOUT_RETURN_TYPE = YES_ERROR;
				GCC_WARN_UNDECLARED_SELECTOR = YES;
				GCC_WARN_UNINITIALIZED_AUTOS = YES_AGGRESSIVE;
				GCC_WARN_UNUSED_FUNCTION = YES;
				GCC_WARN_UNUSED_VARIABLE = YES;
				IPHONEOS_DEPLOYMENT_TARGET = 16.4;
				MTL_ENABLE_DEBUG_INFO = NO;
				MTL_FAST_MATH = YES;
				SDKROOT = iphoneos;
				SWIFT_COMPILATION_MODE = wholemodule;
				SWIFT_OPTIMIZATION_LEVEL = "-O";
				VALIDATE_PRODUCT = YES;
			};
			name = Release;
		};
		F0F9A0242B1C731F001E7CD3 /* Debug */ = {
			isa = XCBuildConfiguration;
			buildSettings = {
				ASSETCATALOG_COMPILER_APPICON_NAME = AppIcon;
				ASSETCATALOG_COMPILER_GLOBAL_ACCENT_COLOR_NAME = AccentColor;
				CODE_SIGN_STYLE = Automatic;
				CURRENT_PROJECT_VERSION = 1;
				DEVELOPMENT_ASSET_PATHS = "\"GuessingFlag/Preview Content\"";
				DEVELOPMENT_TEAM = 9FGCZRAZC6;
				ENABLE_PREVIEWS = YES;
				GENERATE_INFOPLIST_FILE = YES;
				INFOPLIST_KEY_UIApplicationSceneManifest_Generation = YES;
				INFOPLIST_KEY_UIApplicationSupportsIndirectInputEvents = YES;
				INFOPLIST_KEY_UILaunchScreen_Generation = YES;
				INFOPLIST_KEY_UISupportedInterfaceOrientations_iPad = "UIInterfaceOrientationPortrait UIInterfaceOrientationPortraitUpsideDown UIInterfaceOrientationLandscapeLeft UIInterfaceOrientationLandscapeRight";
				INFOPLIST_KEY_UISupportedInterfaceOrientations_iPhone = "UIInterfaceOrientationPortrait UIInterfaceOrientationLandscapeLeft UIInterfaceOrientationLandscapeRight";
				LD_RUNPATH_SEARCH_PATHS = (
					"$(inherited)",
					"@executable_path/Frameworks",
				);
				MARKETING_VERSION = 1.0;
				PRODUCT_BUNDLE_IDENTIFIER = brkdev.GuessingFlag;
				PRODUCT_NAME = "$(TARGET_NAME)";
				SWIFT_EMIT_LOC_STRINGS = YES;
				SWIFT_VERSION = 5.0;
				TARGETED_DEVICE_FAMILY = "1,2";
			};
			name = Debug;
		};
		F0F9A0252B1C731F001E7CD3 /* Release */ = {
			isa = XCBuildConfiguration;
			buildSettings = {
				ASSETCATALOG_COMPILER_APPICON_NAME = AppIcon;
				ASSETCATALOG_COMPILER_GLOBAL_ACCENT_COLOR_NAME = AccentColor;
				CODE_SIGN_STYLE = Automatic;
				CURRENT_PROJECT_VERSION = 1;
				DEVELOPMENT_ASSET_PATHS = "\"GuessingFlag/Preview Content\"";
				DEVELOPMENT_TEAM = 9FGCZRAZC6;
				ENABLE_PREVIEWS = YES;
				GENERATE_INFOPLIST_FILE = YES;
				INFOPLIST_KEY_UIApplicationSceneManifest_Generation = YES;
				INFOPLIST_KEY_UIApplicationSupportsIndirectInputEvents = YES;
				INFOPLIST_KEY_UILaunchScreen_Generation = YES;
				INFOPLIST_KEY_UISupportedInterfaceOrientations_iPad = "UIInterfaceOrientationPortrait UIInterfaceOrientationPortraitUpsideDown UIInterfaceOrientationLandscapeLeft UIInterfaceOrientationLandscapeRight";
				INFOPLIST_KEY_UISupportedInterfaceOrientations_iPhone = "UIInterfaceOrientationPortrait UIInterfaceOrientationLandscapeLeft UIInterfaceOrientationLandscapeRight";
				LD_RUNPATH_SEARCH_PATHS = (
					"$(inherited)",
					"@executable_path/Frameworks",
				);
				MARKETING_VERSION = 1.0;
				PRODUCT_BUNDLE_IDENTIFIER = brkdev.GuessingFlag;
				PRODUCT_NAME = "$(TARGET_NAME)";
				SWIFT_EMIT_LOC_STRINGS = YES;
				SWIFT_VERSION = 5.0;
				TARGETED_DEVICE_FAMILY = "1,2";
			};
			name = Release;
		};
		F0F9A0272B1C731F001E7CD3 /* Debug */ = {
			isa = XCBuildConfiguration;
			buildSettings = {
				ALWAYS_EMBED_SWIFT_STANDARD_LIBRARIES = YES;
				BUNDLE_LOADER = "$(TEST_HOST)";
				CODE_SIGN_STYLE = Automatic;
				CURRENT_PROJECT_VERSION = 1;
				DEVELOPMENT_TEAM = 9FGCZRAZC6;
				GENERATE_INFOPLIST_FILE = YES;
				IPHONEOS_DEPLOYMENT_TARGET = 16.4;
				MARKETING_VERSION = 1.0;
				PRODUCT_BUNDLE_IDENTIFIER = brkdev.GuessingFlagTests;
				PRODUCT_NAME = "$(TARGET_NAME)";
				SWIFT_EMIT_LOC_STRINGS = NO;
				SWIFT_VERSION = 5.0;
				TARGETED_DEVICE_FAMILY = "1,2";
				TEST_HOST = "$(BUILT_PRODUCTS_DIR)/GuessingFlag.app/$(BUNDLE_EXECUTABLE_FOLDER_PATH)/GuessingFlag";
			};
			name = Debug;
		};
		F0F9A0282B1C731F001E7CD3 /* Release */ = {
			isa = XCBuildConfiguration;
			buildSettings = {
				ALWAYS_EMBED_SWIFT_STANDARD_LIBRARIES = YES;
				BUNDLE_LOADER = "$(TEST_HOST)";
				CODE_SIGN_STYLE = Automatic;
				CURRENT_PROJECT_VERSION = 1;
				DEVELOPMENT_TEAM = 9FGCZRAZC6;
				GENERATE_INFOPLIST_FILE = YES;
				IPHONEOS_DEPLOYMENT_TARGET = 16.4;
				MARKETING_VERSION = 1.0;
				PRODUCT_BUNDLE_IDENTIFIER = brkdev.GuessingFlagTests;
				PRODUCT_NAME = "$(TARGET_NAME)";
				SWIFT_EMIT_LOC_STRINGS = NO;
				SWIFT_VERSION = 5.0;
				TARGETED_DEVICE_FAMILY = "1,2";
				TEST_HOST = "$(BUILT_PRODUCTS_DIR)/GuessingFlag.app/$(BUNDLE_EXECUTABLE_FOLDER_PATH)/GuessingFlag";
			};
			name = Release;
		};
		F0F9A02A2B1C731F001E7CD3 /* Debug */ = {
			isa = XCBuildConfiguration;
			buildSettings = {
				ALWAYS_EMBED_SWIFT_STANDARD_LIBRARIES = YES;
				CODE_SIGN_STYLE = Automatic;
				CURRENT_PROJECT_VERSION = 1;
				DEVELOPMENT_TEAM = 9FGCZRAZC6;
				GENERATE_INFOPLIST_FILE = YES;
				MARKETING_VERSION = 1.0;
				PRODUCT_BUNDLE_IDENTIFIER = brkdev.GuessingFlagUITests;
				PRODUCT_NAME = "$(TARGET_NAME)";
				SWIFT_EMIT_LOC_STRINGS = NO;
				SWIFT_VERSION = 5.0;
				TARGETED_DEVICE_FAMILY = "1,2";
				TEST_TARGET_NAME = GuessingFlag;
			};
			name = Debug;
		};
		F0F9A02B2B1C731F001E7CD3 /* Release */ = {
			isa = XCBuildConfiguration;
			buildSettings = {
				ALWAYS_EMBED_SWIFT_STANDARD_LIBRARIES = YES;
				CODE_SIGN_STYLE = Automatic;
				CURRENT_PROJECT_VERSION = 1;
				DEVELOPMENT_TEAM = 9FGCZRAZC6;
				GENERATE_INFOPLIST_FILE = YES;
				MARKETING_VERSION = 1.0;
				PRODUCT_BUNDLE_IDENTIFIER = brkdev.GuessingFlagUITests;
				PRODUCT_NAME = "$(TARGET_NAME)";
				SWIFT_EMIT_LOC_STRINGS = NO;
				SWIFT_VERSION = 5.0;
				TARGETED_DEVICE_FAMILY = "1,2";
				TEST_TARGET_NAME = GuessingFlag;
			};
			name = Release;
		};
/* End XCBuildConfiguration section */

/* Begin XCConfigurationList section */
		F0F99FFA2B1C731D001E7CD3 /* Build configuration list for PBXProject "GuessingFlag" */ = {
			isa = XCConfigurationList;
			buildConfigurations = (
				F0F9A0212B1C731F001E7CD3 /* Debug */,
				F0F9A0222B1C731F001E7CD3 /* Release */,
			);
			defaultConfigurationIsVisible = 0;
			defaultConfigurationName = Release;
		};
		F0F9A0232B1C731F001E7CD3 /* Build configuration list for PBXNativeTarget "GuessingFlag" */ = {
			isa = XCConfigurationList;
			buildConfigurations = (
				F0F9A0242B1C731F001E7CD3 /* Debug */,
				F0F9A0252B1C731F001E7CD3 /* Release */,
			);
			defaultConfigurationIsVisible = 0;
			defaultConfigurationName = Release;
		};
		F0F9A0262B1C731F001E7CD3 /* Build configuration list for PBXNativeTarget "GuessingFlagTests" */ = {
			isa = XCConfigurationList;
			buildConfigurations = (
				F0F9A0272B1C731F001E7CD3 /* Debug */,
				F0F9A0282B1C731F001E7CD3 /* Release */,
			);
			defaultConfigurationIsVisible = 0;
			defaultConfigurationName = Release;
		};
		F0F9A0292B1C731F001E7CD3 /* Build configuration list for PBXNativeTarget "GuessingFlagUITests" */ = {
			isa = XCConfigurationList;
			buildConfigurations = (
				F0F9A02A2B1C731F001E7CD3 /* Debug */,
				F0F9A02B2B1C731F001E7CD3 /* Release */,
			);
			defaultConfigurationIsVisible = 0;
			defaultConfigurationName = Release;
		};
/* End XCConfigurationList section */
	};
	rootObject = F0F99FF72B1C731D001E7CD3 /* Project object */;
}
